
Microsoft Visual Studio Solution File, Format Version 12.00
# Visual Studio 14
VisualStudioVersion = 14.0.25420.1
MinimumVisualStudioVersion = 10.0.40219.1
Project("{888888A0-9F3D-457C-B088-3A5042F75D52}") = "pasta", "pasta\pasta.pyproj", "{CA19D900-7EB0-4615-87CC-C9774296BE3A}"
EndProject
Global
	GlobalSection(SolutionConfigurationPlatforms) = preSolution
		Debug|Any CPU = Debug|Any CPU
		Release|Any CPU = Release|Any CPU
	EndGlobalSection
	GlobalSection(ProjectConfigurationPlatforms) = postSolution
		{CA19D900-7EB0-4615-87CC-C9774296BE3A}.Debug|Any CPU.ActiveCfg = Debug|Any CPU
		{CA19D900-7EB0-4615-87CC-C9774296BE3A}.Debug|Any CPU.Build.0 = Debug|Any CPU
		{CA19D900-7EB0-4615-87CC-C9774296BE3A}.Release|Any CPU.ActiveCfg = Release|Any CPU
		{CA19D900-7EB0-4615-87CC-C9774296BE3A}.Release|Any CPU.Build.0 = Release|Any CPU
	EndGlobalSection
	GlobalSection(SolutionProperties) = preSolution
		HideSolutionNode = FALSE
	EndGlobalSection
EndGlobal
